
Microsoft Visual Studio Solution File, Format Version 12.00
# Visual Studio Version 17
VisualStudioVersion = 17.10.35004.147
MinimumVisualStudioVersion = 10.0.40219.1
Project("{9A19103F-16F7-4668-BE54-9A1E7A4F7556}") = "DealmateApi", "DealmateApi\DealmateApi.csproj", "{49BB4296-3B3B-4FF3-B4B2-7BD2E86A963B}"
EndProject
Project("{9A19103F-16F7-4668-BE54-9A1E7A4F7556}") = "DealmateUnitTest", "DealmateUnitTest\DealmateUnitTest.csproj", "{89F0239B-C063-429C-8197-5E2FE6F78592}"
EndProject
Project("{FAE04EC0-301F-11D3-BF4B-00C04F79EFBC}") = "ui", "ui\ui.csproj", "{A4C030F6-D1A9-49C6-B595-307526EFD74E}"
EndProject
Global
	GlobalSection(SolutionConfigurationPlatforms) = preSolution
		Debug|Any CPU = Debug|Any CPU
		Release|Any CPU = Release|Any CPU
	EndGlobalSection
	GlobalSection(ProjectConfigurationPlatforms) = postSolution
		{49BB4296-3B3B-4FF3-B4B2-7BD2E86A963B}.Debug|Any CPU.ActiveCfg = Debug|Any CPU
		{49BB4296-3B3B-4FF3-B4B2-7BD2E86A963B}.Debug|Any CPU.Build.0 = Debug|Any CPU
		{49BB4296-3B3B-4FF3-B4B2-7BD2E86A963B}.Release|Any CPU.ActiveCfg = Release|Any CPU
		{49BB4296-3B3B-4FF3-B4B2-7BD2E86A963B}.Release|Any CPU.Build.0 = Release|Any CPU
		{89F0239B-C063-429C-8197-5E2FE6F78592}.Debug|Any CPU.ActiveCfg = Debug|Any CPU
		{89F0239B-C063-429C-8197-5E2FE6F78592}.Debug|Any CPU.Build.0 = Debug|Any CPU
		{89F0239B-C063-429C-8197-5E2FE6F78592}.Release|Any CPU.ActiveCfg = Release|Any CPU
		{89F0239B-C063-429C-8197-5E2FE6F78592}.Release|Any CPU.Build.0 = Release|Any CPU
		{A4C030F6-D1A9-49C6-B595-307526EFD74E}.Debug|Any CPU.ActiveCfg = Debug|Any CPU
		{A4C030F6-D1A9-49C6-B595-307526EFD74E}.Debug|Any CPU.Build.0 = Debug|Any CPU
		{A4C030F6-D1A9-49C6-B595-307526EFD74E}.Release|Any CPU.ActiveCfg = Release|Any CPU
		{A4C030F6-D1A9-49C6-B595-307526EFD74E}.Release|Any CPU.Build.0 = Release|Any CPU
	EndGlobalSection
	GlobalSection(SolutionProperties) = preSolution
		HideSolutionNode = FALSE
	EndGlobalSection
	GlobalSection(ExtensibilityGlobals) = postSolution
		SolutionGuid = {A6ED4E63-C670-42F0-BDB4-62BEE23135EA}
	EndGlobalSection
EndGlobal
